# This file is autogenerated, do not edit; changes may be undone by the next 'dep ensure'.


[[projects]]
  name = "github.com/VividCortex/ewma"
  packages = ["."]
  revision = "b24eb346a94c3ba12c1da1e564dbac1b498a77ce"
  version = "v1.1.1"

[[projects]]
  name = "github.com/fatih/color"
  packages = ["."]
  revision = "570b54cabe6b8eb0bc2dfce68d964677d63b5260"
  version = "v1.5.0"

[[projects]]
  name = "github.com/mattn/go-colorable"
  packages = ["."]
  revision = "167de6bfdfba052fa6b2d3664c8f5272e23c9072"
  version = "v0.0.9"

[[projects]]
  name = "github.com/mattn/go-isatty"
  packages = ["."]
  revision = "0360b2af4f38e8d38c7fce2a9f4e702702d73a39"
  version = "v0.0.3"

[[projects]]
  name = "github.com/mattn/go-runewidth"
  packages = ["."]
  revision = "9e777a8366cce605130a531d2cd6363d07ad7317"
  version = "v0.0.2"

[[projects]]
  branch = "master"
  name = "github.com/olekukonko/tablewriter"
  packages = ["."]
  revision = "a7a4c189eb47ed33ce7b35f2880070a0c82a67d4"

[[projects]]
  branch = "master"
  name = "golang.org/x/sys"
  packages = ["unix"]
  revision = "316e9227019baa6ea3f76ea21538bab101fd1182"

[[projects]]
  branch = "v1"
  name = "gopkg.in/check.v1"
  packages = ["."]
  revision = "20d25e2804050c1cd24a7eea1e7a6447dd0e74ec"

[solve-meta]
  analyzer-name = "dep"
  analyzer-version = 1
  inputs-digest = "0b75cec666c6e09e15cc15bf0c3f58ca09ee44eb163017f3af6c48f5b9debb6f"
  solver-name = "gps-cdcl"
  solver-version = 1
